
Microsoft Visual Studio Solution File, Format Version 12.00
# Visual Studio 15
VisualStudioVersion = 15.0.27004.2009
MinimumVisualStudioVersion = 10.0.40219.1
Project("{FAE04EC0-301F-11D3-BF4B-00C04F79EFBC}") = "DotVVM.Samples.BasicSamples.Owin", "dotvvm\src\DotVVM.Samples.BasicSamples.Owin\DotVVM.Samples.BasicSamples.Owin.csproj", "{1C7A9914-8CDC-4075-9422-37BD0E51C076}"
EndProject
Project("{9A19103F-16F7-4668-BE54-9A1E7A4F7556}") = "DotVVM.Framework.Hosting.AspNetCore", "dotvvm\src\DotVVM.Framework.Hosting.AspNetCore\DotVVM.Framework.Hosting.AspNetCore.csproj", "{C5AF6A0D-5416-44D4-B14D-8FFDD1B0E99B}"
EndProject
Project("{9A19103F-16F7-4668-BE54-9A1E7A4F7556}") = "DotVVM.CommandLine", "dotvvm\src\DotVVM.CommandLine\DotVVM.CommandLine.csproj", "{8D62EAF9-9FA9-479E-84AF-9821C4394456}"
EndProject
Project("{9A19103F-16F7-4668-BE54-9A1E7A4F7556}") = "DotVVM.Compiler.Light", "dotvvm\src\DotVVM.Compiler.Light\DotVVM.Compiler.Light.csproj", "{08C18C97-72BA-40D5-9DD6-245AE352D6EA}"
EndProject
Project("{9A19103F-16F7-4668-BE54-9A1E7A4F7556}") = "DotVVM.Framework.Hosting.Owin", "dotvvm\src\DotVVM.Framework.Hosting.Owin\DotVVM.Framework.Hosting.Owin.csproj", "{F578AC17-9BBF-40FB-B0EE-9059CD08865B}"
EndProject
Project("{2150E333-8FDC-42A3-9474-1A3956D46DE8}") = "Tools", "Tools", "{85FD5610-F03A-4BB7-806E-5EE790042331}"
EndProject
Project("{FAE04EC0-301F-11D3-BF4B-00C04F79EFBC}") = "DotVVM.Samples.ApplicationInsights.Owin", "dotvvm\src\DotVVM.Samples.ApplicationInsights.Owin\DotVVM.Samples.ApplicationInsights.Owin.csproj", "{85617AC0-D0A5-40B8-8C81-4B13877E7837}"
EndProject
Project("{9A19103F-16F7-4668-BE54-9A1E7A4F7556}") = "DotVVM.Tracing.ApplicationInsights", "dotvvm\src\DotVVM.Tracing.ApplicationInsights\DotVVM.Tracing.ApplicationInsights.csproj", "{5367A0F4-B8FE-426A-8390-BBCE98FFC221}"
EndProject
Project("{9A19103F-16F7-4668-BE54-9A1E7A4F7556}") = "DotVVM.Tracing.MiniProfiler.AspNetCore", "dotvvm\src\DotVVM.Tracing.MiniProfiler.AspNetCore\DotVVM.Tracing.MiniProfiler.AspNetCore.csproj", "{2AC2855D-A5E5-441F-B9CE-E37AD1AF445C}"
EndProject
Project("{9A19103F-16F7-4668-BE54-9A1E7A4F7556}") = "DotVVM.Tracing.MiniProfiler.Owin", "dotvvm\src\DotVVM.Tracing.MiniProfiler.Owin\DotVVM.Tracing.MiniProfiler.Owin.csproj", "{4E5F1D3C-2C80-4A2D-BBE2-0877093619A3}"
EndProject
Project("{FAE04EC0-301F-11D3-BF4B-00C04F79EFBC}") = "DotVVM.Samples.MiniProfiler.Owin", "dotvvm\src\DotVVM.Samples.MiniProfiler.Owin\DotVVM.Samples.MiniProfiler.Owin.csproj", "{24B04C26-27FB-423A-813D-662B5176F836}"
EndProject
Project("{9A19103F-16F7-4668-BE54-9A1E7A4F7556}") = "DotVVM.Tracing.ApplicationInsights.AspNetCore", "dotvvm\src\DotVVM.Tracing.ApplicationInsights.AspNetCore\DotVVM.Tracing.ApplicationInsights.AspNetCore.csproj", "{4D712088-BA42-404B-9A1D-15032A2B3513}"
EndProject
Project("{9A19103F-16F7-4668-BE54-9A1E7A4F7556}") = "DotVVM.Tracing.ApplicationInsights.Owin", "dotvvm\src\DotVVM.Tracing.ApplicationInsights.Owin\DotVVM.Tracing.ApplicationInsights.Owin.csproj", "{E25432DB-B173-4ED4-96A5-E60DF440DE49}"
EndProject
Project("{9A19103F-16F7-4668-BE54-9A1E7A4F7556}") = "DotvvmApplication1", "DotvvmApplication1\DotvvmApplication1.csproj", "{E4D7CE23-060B-46D1-A3BB-F0A3F5AB69BE}"
EndProject
Project("{2150E333-8FDC-42A3-9474-1A3956D46DE8}") = "dotvvm", "dotvvm", "{EEF36A17-5A88-4EFD-B0CF-FEF12E6B39BE}"
EndProject
Project("{9A19103F-16F7-4668-BE54-9A1E7A4F7556}") = "DotVVMWebSocketExtension.Tests", "DotVVMWebSocketExtension.Tests\DotVVMWebSocketExtension.Tests.csproj", "{4506E878-A777-4BF7-BDEF-63DDCE9E6862}"
EndProject
Project("{9A19103F-16F7-4668-BE54-9A1E7A4F7556}") = "DotVVMWebSocketExtension", "DotVVMWebSocketExtension\DotVVMWebSocketExtension.csproj", "{C2C75596-E782-4A66-835F-202019E4B7AC}"
EndProject
Project("{9A19103F-16F7-4668-BE54-9A1E7A4F7556}") = "BL", "BL\BL.csproj", "{54298B3F-6AF7-45D8-B38B-9B40B070B4A3}"
EndProject
Project("{9A19103F-16F7-4668-BE54-9A1E7A4F7556}") = "DAL", "DAL\DAL.csproj", "{725F3C53-B228-4256-BD34-FBD9966A366C}"
EndProject
Project("{2150E333-8FDC-42A3-9474-1A3956D46DE8}") = "Example", "Example", "{993398BC-03DB-45FE-9FDC-E5C8C0411D8C}"
EndProject
Project("{9A19103F-16F7-4668-BE54-9A1E7A4F7556}") = "DotVVM.Framework", "dotvvm\src\DotVVM.Framework\DotVVM.Framework.csproj", "{27968380-727C-49D5-9E8E-A1939F31612F}"
EndProject
Project("{9A19103F-16F7-4668-BE54-9A1E7A4F7556}") = "DotVVM.Core", "dotvvm\src\DotVVM.Core\DotVVM.Core.csproj", "{251B7490-33F7-40BB-9C62-A7076B68765D}"
EndProject
Global
	GlobalSection(SolutionConfigurationPlatforms) = preSolution
		Debug|Any CPU = Debug|Any CPU
		Debug|x64 = Debug|x64
		Debug|x86 = Debug|x86
		Release|Any CPU = Release|Any CPU
		Release|x64 = Release|x64
		Release|x86 = Release|x86
	EndGlobalSection
	GlobalSection(ProjectConfigurationPlatforms) = postSolution
		{1C7A9914-8CDC-4075-9422-37BD0E51C076}.Debug|Any CPU.ActiveCfg = Debug|Any CPU
		{1C7A9914-8CDC-4075-9422-37BD0E51C076}.Debug|Any CPU.Build.0 = Debug|Any CPU
		{1C7A9914-8CDC-4075-9422-37BD0E51C076}.Debug|x64.ActiveCfg = Debug|Any CPU
		{1C7A9914-8CDC-4075-9422-37BD0E51C076}.Debug|x86.ActiveCfg = Debug|Any CPU
		{1C7A9914-8CDC-4075-9422-37BD0E51C076}.Release|Any CPU.ActiveCfg = Release|Any CPU
		{1C7A9914-8CDC-4075-9422-37BD0E51C076}.Release|Any CPU.Build.0 = Release|Any CPU
		{1C7A9914-8CDC-4075-9422-37BD0E51C076}.Release|x64.ActiveCfg = Release|Any CPU
		{1C7A9914-8CDC-4075-9422-37BD0E51C076}.Release|x86.ActiveCfg = Release|Any CPU
		{C5AF6A0D-5416-44D4-B14D-8FFDD1B0E99B}.Debug|Any CPU.ActiveCfg = Debug|Any CPU
		{C5AF6A0D-5416-44D4-B14D-8FFDD1B0E99B}.Debug|Any CPU.Build.0 = Debug|Any CPU
		{C5AF6A0D-5416-44D4-B14D-8FFDD1B0E99B}.Debug|x64.ActiveCfg = Debug|Any CPU
		{C5AF6A0D-5416-44D4-B14D-8FFDD1B0E99B}.Debug|x64.Build.0 = Debug|Any CPU
		{C5AF6A0D-5416-44D4-B14D-8FFDD1B0E99B}.Debug|x86.ActiveCfg = Debug|Any CPU
		{C5AF6A0D-5416-44D4-B14D-8FFDD1B0E99B}.Debug|x86.Build.0 = Debug|Any CPU
		{C5AF6A0D-5416-44D4-B14D-8FFDD1B0E99B}.Release|Any CPU.ActiveCfg = Release|Any CPU
		{C5AF6A0D-5416-44D4-B14D-8FFDD1B0E99B}.Release|Any CPU.Build.0 = Release|Any CPU
		{C5AF6A0D-5416-44D4-B14D-8FFDD1B0E99B}.Release|x64.ActiveCfg = Debug|Any CPU
		{C5AF6A0D-5416-44D4-B14D-8FFDD1B0E99B}.Release|x64.Build.0 = Debug|Any CPU
		{C5AF6A0D-5416-44D4-B14D-8FFDD1B0E99B}.Release|x86.ActiveCfg = Debug|Any CPU
		{C5AF6A0D-5416-44D4-B14D-8FFDD1B0E99B}.Release|x86.Build.0 = Debug|Any CPU
		{8D62EAF9-9FA9-479E-84AF-9821C4394456}.Debug|Any CPU.ActiveCfg = Debug|Any CPU
		{8D62EAF9-9FA9-479E-84AF-9821C4394456}.Debug|Any CPU.Build.0 = Debug|Any CPU
		{8D62EAF9-9FA9-479E-84AF-9821C4394456}.Debug|x64.ActiveCfg = Debug|Any CPU
		{8D62EAF9-9FA9-479E-84AF-9821C4394456}.Debug|x64.Build.0 = Debug|Any CPU
		{8D62EAF9-9FA9-479E-84AF-9821C4394456}.Debug|x86.ActiveCfg = Debug|Any CPU
		{8D62EAF9-9FA9-479E-84AF-9821C4394456}.Debug|x86.Build.0 = Debug|Any CPU
		{8D62EAF9-9FA9-479E-84AF-9821C4394456}.Release|Any CPU.ActiveCfg = Release|Any CPU
		{8D62EAF9-9FA9-479E-84AF-9821C4394456}.Release|Any CPU.Build.0 = Release|Any CPU
		{8D62EAF9-9FA9-479E-84AF-9821C4394456}.Release|x64.ActiveCfg = Debug|Any CPU
		{8D62EAF9-9FA9-479E-84AF-9821C4394456}.Release|x64.Build.0 = Debug|Any CPU
		{8D62EAF9-9FA9-479E-84AF-9821C4394456}.Release|x86.ActiveCfg = Debug|Any CPU
		{8D62EAF9-9FA9-479E-84AF-9821C4394456}.Release|x86.Build.0 = Debug|Any CPU
		{08C18C97-72BA-40D5-9DD6-245AE352D6EA}.Debug|Any CPU.ActiveCfg = Debug|Any CPU
		{08C18C97-72BA-40D5-9DD6-245AE352D6EA}.Debug|Any CPU.Build.0 = Debug|Any CPU
		{08C18C97-72BA-40D5-9DD6-245AE352D6EA}.Debug|x64.ActiveCfg = Debug|Any CPU
		{08C18C97-72BA-40D5-9DD6-245AE352D6EA}.Debug|x64.Build.0 = Debug|Any CPU
		{08C18C97-72BA-40D5-9DD6-245AE352D6EA}.Debug|x86.ActiveCfg = Debug|Any CPU
		{08C18C97-72BA-40D5-9DD6-245AE352D6EA}.Debug|x86.Build.0 = Debug|Any CPU
		{08C18C97-72BA-40D5-9DD6-245AE352D6EA}.Release|Any CPU.ActiveCfg = Release|Any CPU
		{08C18C97-72BA-40D5-9DD6-245AE352D6EA}.Release|Any CPU.Build.0 = Release|Any CPU
		{08C18C97-72BA-40D5-9DD6-245AE352D6EA}.Release|x64.ActiveCfg = Debug|Any CPU
		{08C18C97-72BA-40D5-9DD6-245AE352D6EA}.Release|x64.Build.0 = Debug|Any CPU
		{08C18C97-72BA-40D5-9DD6-245AE352D6EA}.Release|x86.ActiveCfg = Debug|Any CPU
		{08C18C97-72BA-40D5-9DD6-245AE352D6EA}.Release|x86.Build.0 = Debug|Any CPU
		{F578AC17-9BBF-40FB-B0EE-9059CD08865B}.Debug|Any CPU.ActiveCfg = Debug|Any CPU
		{F578AC17-9BBF-40FB-B0EE-9059CD08865B}.Debug|Any CPU.Build.0 = Debug|Any CPU
		{F578AC17-9BBF-40FB-B0EE-9059CD08865B}.Debug|x64.ActiveCfg = Debug|Any CPU
		{F578AC17-9BBF-40FB-B0EE-9059CD08865B}.Debug|x64.Build.0 = Debug|Any CPU
		{F578AC17-9BBF-40FB-B0EE-9059CD08865B}.Debug|x86.ActiveCfg = Debug|Any CPU
		{F578AC17-9BBF-40FB-B0EE-9059CD08865B}.Debug|x86.Build.0 = Debug|Any CPU
		{F578AC17-9BBF-40FB-B0EE-9059CD08865B}.Release|Any CPU.ActiveCfg = Release|Any CPU
		{F578AC17-9BBF-40FB-B0EE-9059CD08865B}.Release|Any CPU.Build.0 = Release|Any CPU
		{F578AC17-9BBF-40FB-B0EE-9059CD08865B}.Release|x64.ActiveCfg = Release|Any CPU
		{F578AC17-9BBF-40FB-B0EE-9059CD08865B}.Release|x64.Build.0 = Release|Any CPU
		{F578AC17-9BBF-40FB-B0EE-9059CD08865B}.Release|x86.ActiveCfg = Release|Any CPU
		{F578AC17-9BBF-40FB-B0EE-9059CD08865B}.Release|x86.Build.0 = Release|Any CPU
		{85617AC0-D0A5-40B8-8C81-4B13877E7837}.Debug|Any CPU.ActiveCfg = Debug|Any CPU
		{85617AC0-D0A5-40B8-8C81-4B13877E7837}.Debug|Any CPU.Build.0 = Debug|Any CPU
		{85617AC0-D0A5-40B8-8C81-4B13877E7837}.Debug|x64.ActiveCfg = Debug|Any CPU
		{85617AC0-D0A5-40B8-8C81-4B13877E7837}.Debug|x64.Build.0 = Debug|Any CPU
		{85617AC0-D0A5-40B8-8C81-4B13877E7837}.Debug|x86.ActiveCfg = Debug|Any CPU
		{85617AC0-D0A5-40B8-8C81-4B13877E7837}.Debug|x86.Build.0 = Debug|Any CPU
		{85617AC0-D0A5-40B8-8C81-4B13877E7837}.Release|Any CPU.ActiveCfg = Release|Any CPU
		{85617AC0-D0A5-40B8-8C81-4B13877E7837}.Release|Any CPU.Build.0 = Release|Any CPU
		{85617AC0-D0A5-40B8-8C81-4B13877E7837}.Release|x64.ActiveCfg = Release|Any CPU
		{85617AC0-D0A5-40B8-8C81-4B13877E7837}.Release|x64.Build.0 = Release|Any CPU
		{85617AC0-D0A5-40B8-8C81-4B13877E7837}.Release|x86.ActiveCfg = Release|Any CPU
		{85617AC0-D0A5-40B8-8C81-4B13877E7837}.Release|x86.Build.0 = Release|Any CPU
		{5367A0F4-B8FE-426A-8390-BBCE98FFC221}.Debug|Any CPU.ActiveCfg = Debug|Any CPU
		{5367A0F4-B8FE-426A-8390-BBCE98FFC221}.Debug|Any CPU.Build.0 = Debug|Any CPU
		{5367A0F4-B8FE-426A-8390-BBCE98FFC221}.Debug|x64.ActiveCfg = Debug|Any CPU
		{5367A0F4-B8FE-426A-8390-BBCE98FFC221}.Debug|x64.Build.0 = Debug|Any CPU
		{5367A0F4-B8FE-426A-8390-BBCE98FFC221}.Debug|x86.ActiveCfg = Debug|Any CPU
		{5367A0F4-B8FE-426A-8390-BBCE98FFC221}.Debug|x86.Build.0 = Debug|Any CPU
		{5367A0F4-B8FE-426A-8390-BBCE98FFC221}.Release|Any CPU.ActiveCfg = Release|Any CPU
		{5367A0F4-B8FE-426A-8390-BBCE98FFC221}.Release|Any CPU.Build.0 = Release|Any CPU
		{5367A0F4-B8FE-426A-8390-BBCE98FFC221}.Release|x64.ActiveCfg = Release|Any CPU
		{5367A0F4-B8FE-426A-8390-BBCE98FFC221}.Release|x64.Build.0 = Release|Any CPU
		{5367A0F4-B8FE-426A-8390-BBCE98FFC221}.Release|x86.ActiveCfg = Release|Any CPU
		{5367A0F4-B8FE-426A-8390-BBCE98FFC221}.Release|x86.Build.0 = Release|Any CPU
		{2AC2855D-A5E5-441F-B9CE-E37AD1AF445C}.Debug|Any CPU.ActiveCfg = Debug|Any CPU
		{2AC2855D-A5E5-441F-B9CE-E37AD1AF445C}.Debug|Any CPU.Build.0 = Debug|Any CPU
		{2AC2855D-A5E5-441F-B9CE-E37AD1AF445C}.Debug|x64.ActiveCfg = Debug|Any CPU
		{2AC2855D-A5E5-441F-B9CE-E37AD1AF445C}.Debug|x64.Build.0 = Debug|Any CPU
		{2AC2855D-A5E5-441F-B9CE-E37AD1AF445C}.Debug|x86.ActiveCfg = Debug|Any CPU
		{2AC2855D-A5E5-441F-B9CE-E37AD1AF445C}.Debug|x86.Build.0 = Debug|Any CPU
		{2AC2855D-A5E5-441F-B9CE-E37AD1AF445C}.Release|Any CPU.ActiveCfg = Release|Any CPU
		{2AC2855D-A5E5-441F-B9CE-E37AD1AF445C}.Release|Any CPU.Build.0 = Release|Any CPU
		{2AC2855D-A5E5-441F-B9CE-E37AD1AF445C}.Release|x64.ActiveCfg = Release|Any CPU
		{2AC2855D-A5E5-441F-B9CE-E37AD1AF445C}.Release|x64.Build.0 = Release|Any CPU
		{2AC2855D-A5E5-441F-B9CE-E37AD1AF445C}.Release|x86.ActiveCfg = Release|Any CPU
		{2AC2855D-A5E5-441F-B9CE-E37AD1AF445C}.Release|x86.Build.0 = Release|Any CPU
		{4E5F1D3C-2C80-4A2D-BBE2-0877093619A3}.Debug|Any CPU.ActiveCfg = Debug|Any CPU
		{4E5F1D3C-2C80-4A2D-BBE2-0877093619A3}.Debug|Any CPU.Build.0 = Debug|Any CPU
		{4E5F1D3C-2C80-4A2D-BBE2-0877093619A3}.Debug|x64.ActiveCfg = Debug|Any CPU
		{4E5F1D3C-2C80-4A2D-BBE2-0877093619A3}.Debug|x64.Build.0 = Debug|Any CPU
		{4E5F1D3C-2C80-4A2D-BBE2-0877093619A3}.Debug|x86.ActiveCfg = Debug|Any CPU
		{4E5F1D3C-2C80-4A2D-BBE2-0877093619A3}.Debug|x86.Build.0 = Debug|Any CPU
		{4E5F1D3C-2C80-4A2D-BBE2-0877093619A3}.Release|Any CPU.ActiveCfg = Release|Any CPU
		{4E5F1D3C-2C80-4A2D-BBE2-0877093619A3}.Release|Any CPU.Build.0 = Release|Any CPU
		{4E5F1D3C-2C80-4A2D-BBE2-0877093619A3}.Release|x64.ActiveCfg = Release|Any CPU
		{4E5F1D3C-2C80-4A2D-BBE2-0877093619A3}.Release|x64.Build.0 = Release|Any CPU
		{4E5F1D3C-2C80-4A2D-BBE2-0877093619A3}.Release|x86.ActiveCfg = Release|Any CPU
		{4E5F1D3C-2C80-4A2D-BBE2-0877093619A3}.Release|x86.Build.0 = Release|Any CPU
		{24B04C26-27FB-423A-813D-662B5176F836}.Debug|Any CPU.ActiveCfg = Debug|Any CPU
		{24B04C26-27FB-423A-813D-662B5176F836}.Debug|Any CPU.Build.0 = Debug|Any CPU
		{24B04C26-27FB-423A-813D-662B5176F836}.Debug|x64.ActiveCfg = Debug|Any CPU
		{24B04C26-27FB-423A-813D-662B5176F836}.Debug|x64.Build.0 = Debug|Any CPU
		{24B04C26-27FB-423A-813D-662B5176F836}.Debug|x86.ActiveCfg = Debug|Any CPU
		{24B04C26-27FB-423A-813D-662B5176F836}.Debug|x86.Build.0 = Debug|Any CPU
		{24B04C26-27FB-423A-813D-662B5176F836}.Release|Any CPU.ActiveCfg = Release|Any CPU
		{24B04C26-27FB-423A-813D-662B5176F836}.Release|Any CPU.Build.0 = Release|Any CPU
		{24B04C26-27FB-423A-813D-662B5176F836}.Release|x64.ActiveCfg = Release|Any CPU
		{24B04C26-27FB-423A-813D-662B5176F836}.Release|x64.Build.0 = Release|Any CPU
		{24B04C26-27FB-423A-813D-662B5176F836}.Release|x86.ActiveCfg = Release|Any CPU
		{24B04C26-27FB-423A-813D-662B5176F836}.Release|x86.Build.0 = Release|Any CPU
		{4D712088-BA42-404B-9A1D-15032A2B3513}.Debug|Any CPU.ActiveCfg = Debug|Any CPU
		{4D712088-BA42-404B-9A1D-15032A2B3513}.Debug|Any CPU.Build.0 = Debug|Any CPU
		{4D712088-BA42-404B-9A1D-15032A2B3513}.Debug|x64.ActiveCfg = Debug|Any CPU
		{4D712088-BA42-404B-9A1D-15032A2B3513}.Debug|x64.Build.0 = Debug|Any CPU
		{4D712088-BA42-404B-9A1D-15032A2B3513}.Debug|x86.ActiveCfg = Debug|Any CPU
		{4D712088-BA42-404B-9A1D-15032A2B3513}.Debug|x86.Build.0 = Debug|Any CPU
		{4D712088-BA42-404B-9A1D-15032A2B3513}.Release|Any CPU.ActiveCfg = Release|Any CPU
		{4D712088-BA42-404B-9A1D-15032A2B3513}.Release|Any CPU.Build.0 = Release|Any CPU
		{4D712088-BA42-404B-9A1D-15032A2B3513}.Release|x64.ActiveCfg = Release|Any CPU
		{4D712088-BA42-404B-9A1D-15032A2B3513}.Release|x64.Build.0 = Release|Any CPU
		{4D712088-BA42-404B-9A1D-15032A2B3513}.Release|x86.ActiveCfg = Release|Any CPU
		{4D712088-BA42-404B-9A1D-15032A2B3513}.Release|x86.Build.0 = Release|Any CPU
		{E25432DB-B173-4ED4-96A5-E60DF440DE49}.Debug|Any CPU.ActiveCfg = Debug|Any CPU
		{E25432DB-B173-4ED4-96A5-E60DF440DE49}.Debug|Any CPU.Build.0 = Debug|Any CPU
		{E25432DB-B173-4ED4-96A5-E60DF440DE49}.Debug|x64.ActiveCfg = Debug|Any CPU
		{E25432DB-B173-4ED4-96A5-E60DF440DE49}.Debug|x64.Build.0 = Debug|Any CPU
		{E25432DB-B173-4ED4-96A5-E60DF440DE49}.Debug|x86.ActiveCfg = Debug|Any CPU
		{E25432DB-B173-4ED4-96A5-E60DF440DE49}.Debug|x86.Build.0 = Debug|Any CPU
		{E25432DB-B173-4ED4-96A5-E60DF440DE49}.Release|Any CPU.ActiveCfg = Release|Any CPU
		{E25432DB-B173-4ED4-96A5-E60DF440DE49}.Release|Any CPU.Build.0 = Release|Any CPU
		{E25432DB-B173-4ED4-96A5-E60DF440DE49}.Release|x64.ActiveCfg = Release|Any CPU
		{E25432DB-B173-4ED4-96A5-E60DF440DE49}.Release|x64.Build.0 = Release|Any CPU
		{E25432DB-B173-4ED4-96A5-E60DF440DE49}.Release|x86.ActiveCfg = Release|Any CPU
		{E25432DB-B173-4ED4-96A5-E60DF440DE49}.Release|x86.Build.0 = Release|Any CPU
		{E4D7CE23-060B-46D1-A3BB-F0A3F5AB69BE}.Debug|Any CPU.ActiveCfg = Debug|Any CPU
		{E4D7CE23-060B-46D1-A3BB-F0A3F5AB69BE}.Debug|Any CPU.Build.0 = Debug|Any CPU
		{E4D7CE23-060B-46D1-A3BB-F0A3F5AB69BE}.Debug|x64.ActiveCfg = Debug|Any CPU
		{E4D7CE23-060B-46D1-A3BB-F0A3F5AB69BE}.Debug|x64.Build.0 = Debug|Any CPU
		{E4D7CE23-060B-46D1-A3BB-F0A3F5AB69BE}.Debug|x86.ActiveCfg = Debug|Any CPU
		{E4D7CE23-060B-46D1-A3BB-F0A3F5AB69BE}.Debug|x86.Build.0 = Debug|Any CPU
		{E4D7CE23-060B-46D1-A3BB-F0A3F5AB69BE}.Release|Any CPU.ActiveCfg = Release|Any CPU
		{E4D7CE23-060B-46D1-A3BB-F0A3F5AB69BE}.Release|Any CPU.Build.0 = Release|Any CPU
		{E4D7CE23-060B-46D1-A3BB-F0A3F5AB69BE}.Release|x64.ActiveCfg = Release|Any CPU
		{E4D7CE23-060B-46D1-A3BB-F0A3F5AB69BE}.Release|x64.Build.0 = Release|Any CPU
		{E4D7CE23-060B-46D1-A3BB-F0A3F5AB69BE}.Release|x86.ActiveCfg = Release|Any CPU
		{E4D7CE23-060B-46D1-A3BB-F0A3F5AB69BE}.Release|x86.Build.0 = Release|Any CPU
		{4506E878-A777-4BF7-BDEF-63DDCE9E6862}.Debug|Any CPU.ActiveCfg = Debug|Any CPU
		{4506E878-A777-4BF7-BDEF-63DDCE9E6862}.Debug|Any CPU.Build.0 = Debug|Any CPU
		{4506E878-A777-4BF7-BDEF-63DDCE9E6862}.Debug|x64.ActiveCfg = Debug|Any CPU
		{4506E878-A777-4BF7-BDEF-63DDCE9E6862}.Debug|x64.Build.0 = Debug|Any CPU
		{4506E878-A777-4BF7-BDEF-63DDCE9E6862}.Debug|x86.ActiveCfg = Debug|Any CPU
		{4506E878-A777-4BF7-BDEF-63DDCE9E6862}.Debug|x86.Build.0 = Debug|Any CPU
		{4506E878-A777-4BF7-BDEF-63DDCE9E6862}.Release|Any CPU.ActiveCfg = Release|Any CPU
		{4506E878-A777-4BF7-BDEF-63DDCE9E6862}.Release|Any CPU.Build.0 = Release|Any CPU
		{4506E878-A777-4BF7-BDEF-63DDCE9E6862}.Release|x64.ActiveCfg = Release|Any CPU
		{4506E878-A777-4BF7-BDEF-63DDCE9E6862}.Release|x64.Build.0 = Release|Any CPU
		{4506E878-A777-4BF7-BDEF-63DDCE9E6862}.Release|x86.ActiveCfg = Release|Any CPU
		{4506E878-A777-4BF7-BDEF-63DDCE9E6862}.Release|x86.Build.0 = Release|Any CPU
		{C2C75596-E782-4A66-835F-202019E4B7AC}.Debug|Any CPU.ActiveCfg = Debug|Any CPU
		{C2C75596-E782-4A66-835F-202019E4B7AC}.Debug|Any CPU.Build.0 = Debug|Any CPU
		{C2C75596-E782-4A66-835F-202019E4B7AC}.Debug|x64.ActiveCfg = Debug|Any CPU
		{C2C75596-E782-4A66-835F-202019E4B7AC}.Debug|x64.Build.0 = Debug|Any CPU
		{C2C75596-E782-4A66-835F-202019E4B7AC}.Debug|x86.ActiveCfg = Debug|Any CPU
		{C2C75596-E782-4A66-835F-202019E4B7AC}.Debug|x86.Build.0 = Debug|Any CPU
		{C2C75596-E782-4A66-835F-202019E4B7AC}.Release|Any CPU.ActiveCfg = Release|Any CPU
		{C2C75596-E782-4A66-835F-202019E4B7AC}.Release|Any CPU.Build.0 = Release|Any CPU
		{C2C75596-E782-4A66-835F-202019E4B7AC}.Release|x64.ActiveCfg = Release|Any CPU
		{C2C75596-E782-4A66-835F-202019E4B7AC}.Release|x64.Build.0 = Release|Any CPU
		{C2C75596-E782-4A66-835F-202019E4B7AC}.Release|x86.ActiveCfg = Release|Any CPU
		{C2C75596-E782-4A66-835F-202019E4B7AC}.Release|x86.Build.0 = Release|Any CPU
		{54298B3F-6AF7-45D8-B38B-9B40B070B4A3}.Debug|Any CPU.ActiveCfg = Debug|Any CPU
		{54298B3F-6AF7-45D8-B38B-9B40B070B4A3}.Debug|Any CPU.Build.0 = Debug|Any CPU
		{54298B3F-6AF7-45D8-B38B-9B40B070B4A3}.Debug|x64.ActiveCfg = Debug|Any CPU
		{54298B3F-6AF7-45D8-B38B-9B40B070B4A3}.Debug|x64.Build.0 = Debug|Any CPU
		{54298B3F-6AF7-45D8-B38B-9B40B070B4A3}.Debug|x86.ActiveCfg = Debug|Any CPU
		{54298B3F-6AF7-45D8-B38B-9B40B070B4A3}.Debug|x86.Build.0 = Debug|Any CPU
		{54298B3F-6AF7-45D8-B38B-9B40B070B4A3}.Release|Any CPU.ActiveCfg = Release|Any CPU
		{54298B3F-6AF7-45D8-B38B-9B40B070B4A3}.Release|Any CPU.Build.0 = Release|Any CPU
		{54298B3F-6AF7-45D8-B38B-9B40B070B4A3}.Release|x64.ActiveCfg = Release|Any CPU
		{54298B3F-6AF7-45D8-B38B-9B40B070B4A3}.Release|x64.Build.0 = Release|Any CPU
		{54298B3F-6AF7-45D8-B38B-9B40B070B4A3}.Release|x86.ActiveCfg = Release|Any CPU
		{54298B3F-6AF7-45D8-B38B-9B40B070B4A3}.Release|x86.Build.0 = Release|Any CPU
		{725F3C53-B228-4256-BD34-FBD9966A366C}.Debug|Any CPU.ActiveCfg = Debug|Any CPU
		{725F3C53-B228-4256-BD34-FBD9966A366C}.Debug|Any CPU.Build.0 = Debug|Any CPU
		{725F3C53-B228-4256-BD34-FBD9966A366C}.Debug|x64.ActiveCfg = Debug|Any CPU
		{725F3C53-B228-4256-BD34-FBD9966A366C}.Debug|x64.Build.0 = Debug|Any CPU
		{725F3C53-B228-4256-BD34-FBD9966A366C}.Debug|x86.ActiveCfg = Debug|Any CPU
		{725F3C53-B228-4256-BD34-FBD9966A366C}.Debug|x86.Build.0 = Debug|Any CPU
		{725F3C53-B228-4256-BD34-FBD9966A366C}.Release|Any CPU.ActiveCfg = Release|Any CPU
		{725F3C53-B228-4256-BD34-FBD9966A366C}.Release|Any CPU.Build.0 = Release|Any CPU
		{725F3C53-B228-4256-BD34-FBD9966A366C}.Release|x64.ActiveCfg = Release|Any CPU
		{725F3C53-B228-4256-BD34-FBD9966A366C}.Release|x64.Build.0 = Release|Any CPU
		{725F3C53-B228-4256-BD34-FBD9966A366C}.Release|x86.ActiveCfg = Release|Any CPU
		{725F3C53-B228-4256-BD34-FBD9966A366C}.Release|x86.Build.0 = Release|Any CPU
		{27968380-727C-49D5-9E8E-A1939F31612F}.Debug|Any CPU.ActiveCfg = Debug|Any CPU
		{27968380-727C-49D5-9E8E-A1939F31612F}.Debug|Any CPU.Build.0 = Debug|Any CPU
		{27968380-727C-49D5-9E8E-A1939F31612F}.Debug|x64.ActiveCfg = Debug|Any CPU
		{27968380-727C-49D5-9E8E-A1939F31612F}.Debug|x64.Build.0 = Debug|Any CPU
		{27968380-727C-49D5-9E8E-A1939F31612F}.Debug|x86.ActiveCfg = Debug|Any CPU
		{27968380-727C-49D5-9E8E-A1939F31612F}.Debug|x86.Build.0 = Debug|Any CPU
		{27968380-727C-49D5-9E8E-A1939F31612F}.Release|Any CPU.ActiveCfg = Release|Any CPU
		{27968380-727C-49D5-9E8E-A1939F31612F}.Release|Any CPU.Build.0 = Release|Any CPU
		{27968380-727C-49D5-9E8E-A1939F31612F}.Release|x64.ActiveCfg = Release|Any CPU
		{27968380-727C-49D5-9E8E-A1939F31612F}.Release|x64.Build.0 = Release|Any CPU
		{27968380-727C-49D5-9E8E-A1939F31612F}.Release|x86.ActiveCfg = Release|Any CPU
		{27968380-727C-49D5-9E8E-A1939F31612F}.Release|x86.Build.0 = Release|Any CPU
		{251B7490-33F7-40BB-9C62-A7076B68765D}.Debug|Any CPU.ActiveCfg = Debug|Any CPU
		{251B7490-33F7-40BB-9C62-A7076B68765D}.Debug|Any CPU.Build.0 = Debug|Any CPU
		{251B7490-33F7-40BB-9C62-A7076B68765D}.Debug|x64.ActiveCfg = Debug|Any CPU
		{251B7490-33F7-40BB-9C62-A7076B68765D}.Debug|x64.Build.0 = Debug|Any CPU
		{251B7490-33F7-40BB-9C62-A7076B68765D}.Debug|x86.ActiveCfg = Debug|Any CPU
		{251B7490-33F7-40BB-9C62-A7076B68765D}.Debug|x86.Build.0 = Debug|Any CPU
		{251B7490-33F7-40BB-9C62-A7076B68765D}.Release|Any CPU.ActiveCfg = Release|Any CPU
		{251B7490-33F7-40BB-9C62-A7076B68765D}.Release|Any CPU.Build.0 = Release|Any CPU
		{251B7490-33F7-40BB-9C62-A7076B68765D}.Release|x64.ActiveCfg = Release|Any CPU
		{251B7490-33F7-40BB-9C62-A7076B68765D}.Release|x64.Build.0 = Release|Any CPU
		{251B7490-33F7-40BB-9C62-A7076B68765D}.Release|x86.ActiveCfg = Release|Any CPU
		{251B7490-33F7-40BB-9C62-A7076B68765D}.Release|x86.Build.0 = Release|Any CPU
	EndGlobalSection
	GlobalSection(SolutionProperties) = preSolution
		HideSolutionNode = FALSE
	EndGlobalSection
	GlobalSection(NestedProjects) = preSolution
		{1C7A9914-8CDC-4075-9422-37BD0E51C076} = {EEF36A17-5A88-4EFD-B0CF-FEF12E6B39BE}
		{C5AF6A0D-5416-44D4-B14D-8FFDD1B0E99B} = {EEF36A17-5A88-4EFD-B0CF-FEF12E6B39BE}
		{8D62EAF9-9FA9-479E-84AF-9821C4394456} = {85FD5610-F03A-4BB7-806E-5EE790042331}
		{08C18C97-72BA-40D5-9DD6-245AE352D6EA} = {EEF36A17-5A88-4EFD-B0CF-FEF12E6B39BE}
		{F578AC17-9BBF-40FB-B0EE-9059CD08865B} = {EEF36A17-5A88-4EFD-B0CF-FEF12E6B39BE}
		{85FD5610-F03A-4BB7-806E-5EE790042331} = {EEF36A17-5A88-4EFD-B0CF-FEF12E6B39BE}
		{85617AC0-D0A5-40B8-8C81-4B13877E7837} = {EEF36A17-5A88-4EFD-B0CF-FEF12E6B39BE}
		{5367A0F4-B8FE-426A-8390-BBCE98FFC221} = {EEF36A17-5A88-4EFD-B0CF-FEF12E6B39BE}
		{2AC2855D-A5E5-441F-B9CE-E37AD1AF445C} = {EEF36A17-5A88-4EFD-B0CF-FEF12E6B39BE}
		{4E5F1D3C-2C80-4A2D-BBE2-0877093619A3} = {EEF36A17-5A88-4EFD-B0CF-FEF12E6B39BE}
		{24B04C26-27FB-423A-813D-662B5176F836} = {EEF36A17-5A88-4EFD-B0CF-FEF12E6B39BE}
		{4D712088-BA42-404B-9A1D-15032A2B3513} = {EEF36A17-5A88-4EFD-B0CF-FEF12E6B39BE}
		{E25432DB-B173-4ED4-96A5-E60DF440DE49} = {EEF36A17-5A88-4EFD-B0CF-FEF12E6B39BE}
		{E4D7CE23-060B-46D1-A3BB-F0A3F5AB69BE} = {993398BC-03DB-45FE-9FDC-E5C8C0411D8C}
		{54298B3F-6AF7-45D8-B38B-9B40B070B4A3} = {993398BC-03DB-45FE-9FDC-E5C8C0411D8C}
		{725F3C53-B228-4256-BD34-FBD9966A366C} = {993398BC-03DB-45FE-9FDC-E5C8C0411D8C}
		{27968380-727C-49D5-9E8E-A1939F31612F} = {EEF36A17-5A88-4EFD-B0CF-FEF12E6B39BE}
		{251B7490-33F7-40BB-9C62-A7076B68765D} = {EEF36A17-5A88-4EFD-B0CF-FEF12E6B39BE}
	EndGlobalSection
	GlobalSection(ExtensibilityGlobals) = postSolution
		SolutionGuid = {C513320D-0E6A-461F-B8AF-B688758A8080}
	EndGlobalSection
EndGlobal
